PODS:
  - Alamofire (4.5.0)
  - SDWebImage (4.0.0):
    - SDWebImage/Core (= 4.0.0)
  - SDWebImage/Core (4.0.0)

DEPENDENCIES:
  - Alamofire
  - SDWebImage (~> 4.0)

SPEC CHECKSUMS:
  Alamofire: f28cdffd29de33a7bfa022cbd63ae95a27fae140
  SDWebImage: 76a6348bdc74eb5a55dd08a091ef298e56b55e41

PODFILE CHECKSUM: 338c16b38dcfaec07f99fb94d0463fc176a3f319

COCOAPODS: 1.2.1
